
Microsoft Visual Studio Solution File, Format Version 12.00
# Visual Studio Version 17
VisualStudioVersion = 17.9.34607.119
MinimumVisualStudioVersion = 10.0.40219.1
Project("{2150E333-8FDC-42A3-9474-1A3956D46DE8}") = "dependencies", "dependencies", "{A9C18769-825F-400F-9105-35DE181F4FE1}"
EndProject
Project("{9A19103F-16F7-4668-BE54-9A1E7A4F7556}") = "TerminalHost", "TerminalHost\TerminalHost.csproj", "{EFDBA7C2-78BA-4A32-9AA7-37E276BAC93E}"
EndProject
Project("{9A19103F-16F7-4668-BE54-9A1E7A4F7556}") = "ControllerTerminal", "ControllerTerminal\ControllerTerminal.csproj", "{F777617E-650B-4268-B3D1-15087B4F8389}"
EndProject
Project("{9A19103F-16F7-4668-BE54-9A1E7A4F7556}") = "PanelController", "dependencies\PanelController\PanelController\PanelController.csproj", "{E3EA4252-4EAC-4940-A1BC-572F14B9B66F}"
EndProject
Project("{FAE04EC0-301F-11D3-BF4B-00C04F79EFBC}") = "NStreamCom", "dependencies\PanelController\dependencies\NStreamCom\src\C#\NStreamCom\NStreamCom.csproj", "{D2A91EBA-80A4-4EF0-9A94-74ED70107B06}"
EndProject
Project("{9A19103F-16F7-4668-BE54-9A1E7A4F7556}") = "CLIApplication", "dependencies\CLIApplication\src\CLIApplication\CLIApplication.csproj", "{9BD55919-46B7-40AC-8874-B57589B5D167}"
EndProject
Project("{9A19103F-16F7-4668-BE54-9A1E7A4F7556}") = "PanelControllerBasic", "dependencies\PanelControllerBasic\PanelControllerBasic\PanelControllerBasic.csproj", "{19C35D4C-E7F0-4C66-BE77-CB71DD8640A1}"
EndProject
Global
	GlobalSection(SolutionConfigurationPlatforms) = preSolution
		Debug|Any CPU = Debug|Any CPU
		Release|Any CPU = Release|Any CPU
	EndGlobalSection
	GlobalSection(ProjectConfigurationPlatforms) = postSolution
		{EFDBA7C2-78BA-4A32-9AA7-37E276BAC93E}.Debug|Any CPU.ActiveCfg = Debug|Any CPU
		{EFDBA7C2-78BA-4A32-9AA7-37E276BAC93E}.Debug|Any CPU.Build.0 = Debug|Any CPU
		{EFDBA7C2-78BA-4A32-9AA7-37E276BAC93E}.Release|Any CPU.ActiveCfg = Release|Any CPU
		{EFDBA7C2-78BA-4A32-9AA7-37E276BAC93E}.Release|Any CPU.Build.0 = Release|Any CPU
		{F777617E-650B-4268-B3D1-15087B4F8389}.Debug|Any CPU.ActiveCfg = Debug|Any CPU
		{F777617E-650B-4268-B3D1-15087B4F8389}.Debug|Any CPU.Build.0 = Debug|Any CPU
		{F777617E-650B-4268-B3D1-15087B4F8389}.Release|Any CPU.ActiveCfg = Release|Any CPU
		{F777617E-650B-4268-B3D1-15087B4F8389}.Release|Any CPU.Build.0 = Release|Any CPU
		{E3EA4252-4EAC-4940-A1BC-572F14B9B66F}.Debug|Any CPU.ActiveCfg = Debug|Any CPU
		{E3EA4252-4EAC-4940-A1BC-572F14B9B66F}.Debug|Any CPU.Build.0 = Debug|Any CPU
		{E3EA4252-4EAC-4940-A1BC-572F14B9B66F}.Release|Any CPU.ActiveCfg = Release|Any CPU
		{E3EA4252-4EAC-4940-A1BC-572F14B9B66F}.Release|Any CPU.Build.0 = Release|Any CPU
		{D2A91EBA-80A4-4EF0-9A94-74ED70107B06}.Debug|Any CPU.ActiveCfg = Debug|Any CPU
		{D2A91EBA-80A4-4EF0-9A94-74ED70107B06}.Debug|Any CPU.Build.0 = Debug|Any CPU
		{D2A91EBA-80A4-4EF0-9A94-74ED70107B06}.Release|Any CPU.ActiveCfg = Release|Any CPU
		{D2A91EBA-80A4-4EF0-9A94-74ED70107B06}.Release|Any CPU.Build.0 = Release|Any CPU
		{9BD55919-46B7-40AC-8874-B57589B5D167}.Debug|Any CPU.ActiveCfg = Debug|Any CPU
		{9BD55919-46B7-40AC-8874-B57589B5D167}.Debug|Any CPU.Build.0 = Debug|Any CPU
		{9BD55919-46B7-40AC-8874-B57589B5D167}.Release|Any CPU.ActiveCfg = Release|Any CPU
		{9BD55919-46B7-40AC-8874-B57589B5D167}.Release|Any CPU.Build.0 = Release|Any CPU
		{19C35D4C-E7F0-4C66-BE77-CB71DD8640A1}.Debug|Any CPU.ActiveCfg = Debug|Any CPU
		{19C35D4C-E7F0-4C66-BE77-CB71DD8640A1}.Debug|Any CPU.Build.0 = Debug|Any CPU
		{19C35D4C-E7F0-4C66-BE77-CB71DD8640A1}.Release|Any CPU.ActiveCfg = Release|Any CPU
		{19C35D4C-E7F0-4C66-BE77-CB71DD8640A1}.Release|Any CPU.Build.0 = Release|Any CPU
	EndGlobalSection
	GlobalSection(SolutionProperties) = preSolution
		HideSolutionNode = FALSE
	EndGlobalSection
	GlobalSection(NestedProjects) = preSolution
		{E3EA4252-4EAC-4940-A1BC-572F14B9B66F} = {A9C18769-825F-400F-9105-35DE181F4FE1}
		{D2A91EBA-80A4-4EF0-9A94-74ED70107B06} = {A9C18769-825F-400F-9105-35DE181F4FE1}
		{9BD55919-46B7-40AC-8874-B57589B5D167} = {A9C18769-825F-400F-9105-35DE181F4FE1}
		{19C35D4C-E7F0-4C66-BE77-CB71DD8640A1} = {A9C18769-825F-400F-9105-35DE181F4FE1}
	EndGlobalSection
	GlobalSection(ExtensibilityGlobals) = postSolution
		SolutionGuid = {EF6FACF5-DF4C-41C6-A6C5-BA7B7F3604F6}
	EndGlobalSection
EndGlobal
